
Microsoft Visual Studio Solution File, Format Version 12.00
# Visual Studio Version 17
VisualStudioVersion = 17.5.002.0
MinimumVisualStudioVersion = 10.0.40219.1
Project("{2150E333-8FDC-42A3-9474-1A3956D46DE8}") = "Application", "Application", "{4C7B02E8-B17B-4A17-895F-92DBAB578652}"
EndProject
Project("{9A19103F-16F7-4668-BE54-9A1E7A4F7556}") = "TestApi", "Application\TestApi\TestApi.csproj", "{4C6CD055-9F04-4998-93E5-3BCF02D08CC5}"
EndProject
Global
	GlobalSection(SolutionConfigurationPlatforms) = preSolution
		Debug|Any CPU = Debug|Any CPU
		Release|Any CPU = Release|Any CPU
	EndGlobalSection
	GlobalSection(ProjectConfigurationPlatforms) = postSolution
		{4C6CD055-9F04-4998-93E5-3BCF02D08CC5}.Debug|Any CPU.ActiveCfg = Debug|Any CPU
		{4C6CD055-9F04-4998-93E5-3BCF02D08CC5}.Debug|Any CPU.Build.0 = Debug|Any CPU
		{4C6CD055-9F04-4998-93E5-3BCF02D08CC5}.Release|Any CPU.ActiveCfg = Release|Any CPU
		{4C6CD055-9F04-4998-93E5-3BCF02D08CC5}.Release|Any CPU.Build.0 = Release|Any CPU
	EndGlobalSection
	GlobalSection(SolutionProperties) = preSolution
		HideSolutionNode = FALSE
	EndGlobalSection
	GlobalSection(NestedProjects) = preSolution
		{4C6CD055-9F04-4998-93E5-3BCF02D08CC5} = {4C7B02E8-B17B-4A17-895F-92DBAB578652}
	EndGlobalSection
	GlobalSection(ExtensibilityGlobals) = postSolution
		SolutionGuid = {FA549067-E0CD-4547-8606-87AB776C0AF9}
	EndGlobalSection
EndGlobal
